
Microsoft Visual Studio Solution File, Format Version 12.00
# Visual Studio Version 16
VisualStudioVersion = 16.0.30611.23
MinimumVisualStudioVersion = 10.0.40219.1
Project("{FAE04EC0-301F-11D3-BF4B-00C04F79EFBC}") = "EmployeeManagementApp", "EmployeeManagementApp\EmployeeManagementApp.csproj", "{52D32828-FBFC-4982-899C-3D2C53F53EA8}"
EndProject
Project("{FAE04EC0-301F-11D3-BF4B-00C04F79EFBC}") = "EmployeeManagementApp.Data", "EmployeeManagementApp.Data\EmployeeManagementApp.Data.csproj", "{939076DB-A330-40A7-A21E-169C3387866F}"
EndProject
Project("{FAE04EC0-301F-11D3-BF4B-00C04F79EFBC}") = "EmployeeManagementApp.Service", "EmployeeManagementApp.Service\EmployeeManagementApp.Service.csproj", "{34F7B8ED-1D02-4166-BDBD-92C5EB07A916}"
EndProject
Global
	GlobalSection(SolutionConfigurationPlatforms) = preSolution
		Debug|Any CPU = Debug|Any CPU
		Release|Any CPU = Release|Any CPU
	EndGlobalSection
	GlobalSection(ProjectConfigurationPlatforms) = postSolution
		{52D32828-FBFC-4982-899C-3D2C53F53EA8}.Debug|Any CPU.ActiveCfg = Debug|Any CPU
		{52D32828-FBFC-4982-899C-3D2C53F53EA8}.Debug|Any CPU.Build.0 = Debug|Any CPU
		{52D32828-FBFC-4982-899C-3D2C53F53EA8}.Release|Any CPU.ActiveCfg = Release|Any CPU
		{52D32828-FBFC-4982-899C-3D2C53F53EA8}.Release|Any CPU.Build.0 = Release|Any CPU
		{939076DB-A330-40A7-A21E-169C3387866F}.Debug|Any CPU.ActiveCfg = Debug|Any CPU
		{939076DB-A330-40A7-A21E-169C3387866F}.Debug|Any CPU.Build.0 = Debug|Any CPU
		{939076DB-A330-40A7-A21E-169C3387866F}.Release|Any CPU.ActiveCfg = Release|Any CPU
		{939076DB-A330-40A7-A21E-169C3387866F}.Release|Any CPU.Build.0 = Release|Any CPU
		{34F7B8ED-1D02-4166-BDBD-92C5EB07A916}.Debug|Any CPU.ActiveCfg = Debug|Any CPU
		{34F7B8ED-1D02-4166-BDBD-92C5EB07A916}.Debug|Any CPU.Build.0 = Debug|Any CPU
		{34F7B8ED-1D02-4166-BDBD-92C5EB07A916}.Release|Any CPU.ActiveCfg = Release|Any CPU
		{34F7B8ED-1D02-4166-BDBD-92C5EB07A916}.Release|Any CPU.Build.0 = Release|Any CPU
	EndGlobalSection
	GlobalSection(SolutionProperties) = preSolution
		HideSolutionNode = FALSE
	EndGlobalSection
	GlobalSection(ExtensibilityGlobals) = postSolution
		SolutionGuid = {A59C1FA5-872F-4338-88D2-CFF411909A1F}
	EndGlobalSection
EndGlobal
